
Microsoft Visual Studio Solution File, Format Version 12.00
# Visual Studio 15
Project("{FAE04EC0-301F-11D3-BF4B-00C04F79EFBC}") = "Assembly-CSharp", "Assembly-CSharp.csproj", "{24D34769-3E73-70F6-45CE-66726636040D}"
EndProject
Project("{FAE04EC0-301F-11D3-BF4B-00C04F79EFBC}") = "Assembly-CSharp-Editor", "Assembly-CSharp-Editor.csproj", "{0E5CD50D-D41A-7001-2ED1-8A11DF06F20E}"
EndProject
Global
	GlobalSection(SolutionConfigurationPlatforms) = preSolution
		Debug|Any CPU = Debug|Any CPU
		Release|Any CPU = Release|Any CPU
	EndGlobalSection
	GlobalSection(ProjectConfigurationPlatforms) = postSolution
		{24D34769-3E73-70F6-45CE-66726636040D}.Debug|Any CPU.ActiveCfg = Debug|Any CPU
		{24D34769-3E73-70F6-45CE-66726636040D}.Debug|Any CPU.Build.0 = Debug|Any CPU
		{24D34769-3E73-70F6-45CE-66726636040D}.Release|Any CPU.ActiveCfg = Release|Any CPU
		{24D34769-3E73-70F6-45CE-66726636040D}.Release|Any CPU.Build.0 = Release|Any CPU
		{0E5CD50D-D41A-7001-2ED1-8A11DF06F20E}.Debug|Any CPU.ActiveCfg = Debug|Any CPU
		{0E5CD50D-D41A-7001-2ED1-8A11DF06F20E}.Debug|Any CPU.Build.0 = Debug|Any CPU
		{0E5CD50D-D41A-7001-2ED1-8A11DF06F20E}.Release|Any CPU.ActiveCfg = Release|Any CPU
		{0E5CD50D-D41A-7001-2ED1-8A11DF06F20E}.Release|Any CPU.Build.0 = Release|Any CPU
	EndGlobalSection
	GlobalSection(SolutionProperties) = preSolution
		HideSolutionNode = FALSE
	EndGlobalSection
EndGlobal
